
Microsoft Visual Studio Solution File, Format Version 12.00
# Visual Studio 15
VisualStudioVersion = 15.0.27130.2036
MinimumVisualStudioVersion = 10.0.40219.1
Project("{F2A71F9B-5D33-465A-A702-920D77279786}") = "IronSde.Universe", "IronSde.Universe\IronSde.Universe.fsproj", "{FBC681EA-3853-4435-8C30-DA678658CA92}"
EndProject
Global
	GlobalSection(SolutionConfigurationPlatforms) = preSolution
		Debug|Any CPU = Debug|Any CPU
		Release|Any CPU = Release|Any CPU
	EndGlobalSection
	GlobalSection(ProjectConfigurationPlatforms) = postSolution
		{FBC681EA-3853-4435-8C30-DA678658CA92}.Debug|Any CPU.ActiveCfg = Debug|Any CPU
		{FBC681EA-3853-4435-8C30-DA678658CA92}.Debug|Any CPU.Build.0 = Debug|Any CPU
		{FBC681EA-3853-4435-8C30-DA678658CA92}.Release|Any CPU.ActiveCfg = Release|Any CPU
		{FBC681EA-3853-4435-8C30-DA678658CA92}.Release|Any CPU.Build.0 = Release|Any CPU
	EndGlobalSection
	GlobalSection(SolutionProperties) = preSolution
		HideSolutionNode = FALSE
	EndGlobalSection
	GlobalSection(ExtensibilityGlobals) = postSolution
		SolutionGuid = {62EC2797-639A-43AF-B007-97F0AA752491}
	EndGlobalSection
EndGlobal
